# This file is automatically @generated by Cargo.
# It is not intended for manual editing.
version = 3

[[package]]
name = "yap"
version = "0.11.0"
source = "registry+https://github.com/rust-lang/crates.io-index"
checksum = "ff4524214bc4629eba08d78ceb1d6507070cc0bcbbed23af74e19e6e924a24cf"

[[package]]
name = "yap_streaming"
version = "0.1.0"
dependencies = [
 "yap",
]
